// !$*UTF8*$!
{
	archiveVersion = 1;
	classes = {
	};
	objectVersion = 55;
	objects = {

/* Begin PBXBuildFile section */
		1577E6EF270E843900A2F603 /* AppDelegate.swift in Sources */ = {isa = PBXBuildFile; fileRef = 1577E6EE270E843900A2F603 /* AppDelegate.swift */; };
		1577E6F1270E843900A2F603 /* SceneDelegate.swift in Sources */ = {isa = PBXBuildFile; fileRef = 1577E6F0270E843900A2F603 /* SceneDelegate.swift */; };
		1577E6F3270E843900A2F603 /* ViewController.swift in Sources */ = {isa = PBXBuildFile; fileRef = 1577E6F2270E843900A2F603 /* ViewController.swift */; };
		1577E6F6270E843900A2F603 /* Main.storyboard in Resources */ = {isa = PBXBuildFile; fileRef = 1577E6F4270E843900A2F603 /* Main.storyboard */; };
		1577E6F9270E843900A2F603 /* sandboxIOSPodProject.xcdatamodeld in Sources */ = {isa = PBXBuildFile; fileRef = 1577E6F7270E843900A2F603 /* sandboxIOSPodProject.xcdatamodeld */; };
		1577E6FB270E843A00A2F603 /* Assets.xcassets in Resources */ = {isa = PBXBuildFile; fileRef = 1577E6FA270E843A00A2F603 /* Assets.xcassets */; };
		1577E6FE270E843A00A2F603 /* LaunchScreen.storyboard in Resources */ = {isa = PBXBuildFile; fileRef = 1577E6FC270E843A00A2F603 /* LaunchScreen.storyboard */; };
		1577E706270E8F6F00A2F603 /* Cat.swift in Sources */ = {isa = PBXBuildFile; fileRef = 1577E705270E8F6F00A2F603 /* Cat.swift */; };
		DD58BC4844527B9FC5E8C253 /* Pods_sandboxIOSPodProject.framework in Frameworks */ = {isa = PBXBuildFile; fileRef = ED5631879FA93EBEB371EEB5 /* Pods_sandboxIOSPodProject.framework */; };
/* End PBXBuildFile section */

/* Begin PBXFileReference section */
		1577E6EB270E843900A2F603 /* sandboxIOSPodProject.app */ = {isa = PBXFileReference; explicitFileType = wrapper.application; includeInIndex = 0; path = sandboxIOSPodProject.app; sourceTree = BUILT_PRODUCTS_DIR; };
		1577E6EE270E843900A2F603 /* AppDelegate.swift */ = {isa = PBXFileReference; lastKnownFileType = sourcecode.swift; path = AppDelegate.swift; sourceTree = "<group>"; };
		1577E6F0270E843900A2F603 /* SceneDelegate.swift */ = {isa = PBXFileReference; lastKnownFileType = sourcecode.swift; path = SceneDelegate.swift; sourceTree = "<group>"; };
		1577E6F2270E843900A2F603 /* ViewController.swift */ = {isa = PBXFileReference; lastKnownFileType = sourcecode.swift; path = ViewController.swift; sourceTree = "<group>"; };
		1577E6F5270E843900A2F603 /* Base */ = {isa = PBXFileReference; lastKnownFileType = file.storyboard; name = Base; path = Base.lproj/Main.storyboard; sourceTree = "<group>"; };
		1577E6F8270E843900A2F603 /* sandboxIOSPodProject.xcdatamodel */ = {isa = PBXFileReference; lastKnownFileType = wrapper.xcdatamodel; path = sandboxIOSPodProject.xcdatamodel; sourceTree = "<group>"; };
		1577E6FA270E843A00A2F603 /* Assets.xcassets */ = {isa = PBXFileReference; lastKnownFileType = folder.assetcatalog; path = Assets.xcassets; sourceTree = "<group>"; };
		1577E6FD270E843A00A2F603 /* Base */ = {isa = PBXFileReference; lastKnownFileType = file.storyboard; name = Base; path = Base.lproj/LaunchScreen.storyboard; sourceTree = "<group>"; };
		1577E6FF270E843A00A2F603 /* Info.plist */ = {isa = PBXFileReference; lastKnownFileType = text.plist.xml; path = Info.plist; sourceTree = "<group>"; };
		1577E705270E8F6F00A2F603 /* Cat.swift */ = {isa = PBXFileReference; lastKnownFileType = sourcecode.swift; path = Cat.swift; sourceTree = "<group>"; };
		7F92D24A2FF87E8226AE1EF1 /* Pods-sandboxIOSPodProject.debug.xcconfig */ = {isa = PBXFileReference; includeInIndex = 1; lastKnownFileType = text.xcconfig; name = "Pods-sandboxIOSPodProject.debug.xcconfig"; path = "Target Support Files/Pods-sandboxIOSPodProject/Pods-sandboxIOSPodProject.debug.xcconfig"; sourceTree = "<group>"; };
		A69AD1CDEE4AD87C7EC5A6B6 /* Pods-sandboxIOSPodProject.release.xcconfig */ = {isa = PBXFileReference; includeInIndex = 1; lastKnownFileType = text.xcconfig; name = "Pods-sandboxIOSPodProject.release.xcconfig"; path = "Target Support Files/Pods-sandboxIOSPodProject/Pods-sandboxIOSPodProject.release.xcconfig"; sourceTree = "<group>"; };
		ED5631879FA93EBEB371EEB5 /* Pods_sandboxIOSPodProject.framework */ = {isa = PBXFileReference; explicitFileType = wrapper.framework; includeInIndex = 0; path = Pods_sandboxIOSPodProject.framework; sourceTree = BUILT_PRODUCTS_DIR; };
/* End PBXFileReference section */

/* Begin PBXFrameworksBuildPhase section */
		1577E6E8270E843900A2F603 /* Frameworks */ = {
			isa = PBXFrameworksBuildPhase;
			buildActionMask = 2147483647;
			files = (
				DD58BC4844527B9FC5E8C253 /* Pods_sandboxIOSPodProject.framework in Frameworks */,
			);
			runOnlyForDeploymentPostprocessing = 0;
		};
/* End PBXFrameworksBuildPhase section */

/* Begin PBXGroup section */
		1577E6E2270E843900A2F603 = {
			isa = PBXGroup;
			children = (
				1577E6ED270E843900A2F603 /* sandboxIOSPodProject */,
				1577E6EC270E843900A2F603 /* Products */,
				B9FC4ED01E14CA849968A859 /* Pods */,
				A106DF04B4F2D02DAE6967C1 /* Frameworks */,
			);
			sourceTree = "<group>";
		};
		1577E6EC270E843900A2F603 /* Products */ = {
			isa = PBXGroup;
			children = (
				1577E6EB270E843900A2F603 /* sandboxIOSPodProject.app */,
			);
			name = Products;
			sourceTree = "<group>";
		};
		1577E6ED270E843900A2F603 /* sandboxIOSPodProject */ = {
			isa = PBXGroup;
			children = (
				1577E6EE270E843900A2F603 /* AppDelegate.swift */,
				1577E6F0270E843900A2F603 /* SceneDelegate.swift */,
				1577E6F2270E843900A2F603 /* ViewController.swift */,
				1577E6F4270E843900A2F603 /* Main.storyboard */,
				1577E6FA270E843A00A2F603 /* Assets.xcassets */,
				1577E6FC270E843A00A2F603 /* LaunchScreen.storyboard */,
				1577E6FF270E843A00A2F603 /* Info.plist */,
				1577E6F7270E843900A2F603 /* sandboxIOSPodProject.xcdatamodeld */,
				1577E705270E8F6F00A2F603 /* Cat.swift */,
			);
			path = sandboxIOSPodProject;
			sourceTree = "<group>";
		};
		A106DF04B4F2D02DAE6967C1 /* Frameworks */ = {
			isa = PBXGroup;
			children = (
				ED5631879FA93EBEB371EEB5 /* Pods_sandboxIOSPodProject.framework */,
			);
			name = Frameworks;
			sourceTree = "<group>";
		};
		B9FC4ED01E14CA849968A859 /* Pods */ = {
			isa = PBXGroup;
			children = (
				7F92D24A2FF87E8226AE1EF1 /* Pods-sandboxIOSPodProject.debug.xcconfig */,
				A69AD1CDEE4AD87C7EC5A6B6 /* Pods-sandboxIOSPodProject.release.xcconfig */,
			);
			path = Pods;
			sourceTree = "<group>";
		};
/* End PBXGroup section */

/* Begin PBXNativeTarget section */
		1577E6EA270E843900A2F603 /* sandboxIOSPodProject */ = {
			isa = PBXNativeTarget;
			buildConfigurationList = 1577E702270E843A00A2F603 /* Build configuration list for PBXNativeTarget "sandboxIOSPodProject" */;
			buildPhases = (
				2EF826A0CB499DD472B32589 /* [CP] Check Pods Manifest.lock */,
				1577E6E7270E843900A2F603 /* Sources */,
				1577E6E8270E843900A2F603 /* Frameworks */,
				1577E6E9270E843900A2F603 /* Resources */,
				9BFC81BF1B4AE0B6B6AAC2FD /* [CP] Embed Pods Frameworks */,
			);
			buildRules = (
			);
			dependencies = (
			);
			name = sandboxIOSPodProject;
			productName = sandboxIOSPodProject;
			productReference = 1577E6EB270E843900A2F603 /* sandboxIOSPodProject.app */;
			productType = "com.apple.product-type.application";
		};
/* End PBXNativeTarget section */

/* Begin PBXProject section */
		1577E6E3270E843900A2F603 /* Project object */ = {
			isa = PBXProject;
			attributes = {
				BuildIndependentTargetsInParallel = 1;
				LastSwiftUpdateCheck = 1300;
				LastUpgradeCheck = 1300;
				TargetAttributes = {
					1577E6EA270E843900A2F603 = {
						CreatedOnToolsVersion = 13.0;
					};
				};
			};
			buildConfigurationList = 1577E6E6270E843900A2F603 /* Build configuration list for PBXProject "sandboxIOSPodProject" */;
			compatibilityVersion = "Xcode 13.0";
			developmentRegion = en;
			hasScannedForEncodings = 0;
			knownRegions = (
				en,
				Base,
			);
			mainGroup = 1577E6E2270E843900A2F603;
			productRefGroup = 1577E6EC270E843900A2F603 /* Products */;
			projectDirPath = "";
			projectRoot = "";
			targets = (
				1577E6EA270E843900A2F603 /* sandboxIOSPodProject */,
			);
		};
/* End PBXProject section */

/* Begin PBXResourcesBuildPhase section */
		1577E6E9270E843900A2F603 /* Resources */ = {
			isa = PBXResourcesBuildPhase;
			buildActionMask = 2147483647;
			files = (
				1577E6FE270E843A00A2F603 /* LaunchScreen.storyboard in Resources */,
				1577E6FB270E843A00A2F603 /* Assets.xcassets in Resources */,
				1577E6F6270E843900A2F603 /* Main.storyboard in Resources */,
			);
			runOnlyForDeploymentPostprocessing = 0;
		};
/* End PBXResourcesBuildPhase section */

/* Begin PBXShellScriptBuildPhase section */
		2EF826A0CB499DD472B32589 /* [CP] Check Pods Manifest.lock */ = {
			isa = PBXShellScriptBuildPhase;
			buildActionMask = 2147483647;
			files = (
			);
			inputFileListPaths = (
			);
			inputPaths = (
				"${PODS_PODFILE_DIR_PATH}/Podfile.lock",
				"${PODS_ROOT}/Manifest.lock",
			);
			name = "[CP] Check Pods Manifest.lock";
			outputFileListPaths = (
			);
			outputPaths = (
				"$(DERIVED_FILE_DIR)/Pods-sandboxIOSPodProject-checkManifestLockResult.txt",
			);
			runOnlyForDeploymentPostprocessing = 0;
			shellPath = /bin/sh;
			shellScript = "diff \"${PODS_PODFILE_DIR_PATH}/Podfile.lock\" \"${PODS_ROOT}/Manifest.lock\" > /dev/null\nif [ $? != 0 ] ; then\n    # print error to STDERR\n    echo \"error: The sandbox is not in sync with the Podfile.lock. Run 'pod install' or update your CocoaPods installation.\" >&2\n    exit 1\nfi\n# This output is used by Xcode 'outputs' to avoid re-running this script phase.\necho \"SUCCESS\" > \"${SCRIPT_OUTPUT_FILE_0}\"\n";
			showEnvVarsInLog = 0;
		};
		9BFC81BF1B4AE0B6B6AAC2FD /* [CP] Embed Pods Frameworks */ = {
			isa = PBXShellScriptBuildPhase;
			buildActionMask = 2147483647;
			files = (
			);
			inputFileListPaths = (
				"${PODS_ROOT}/Target Support Files/Pods-sandboxIOSPodProject/Pods-sandboxIOSPodProject-frameworks-${CONFIGURATION}-input-files.xcfilelist",
			);
			name = "[CP] Embed Pods Frameworks";
			outputFileListPaths = (
				"${PODS_ROOT}/Target Support Files/Pods-sandboxIOSPodProject/Pods-sandboxIOSPodProject-frameworks-${CONFIGURATION}-output-files.xcfilelist",
			);
			runOnlyForDeploymentPostprocessing = 0;
			shellPath = /bin/sh;
			shellScript = "\"${PODS_ROOT}/Target Support Files/Pods-sandboxIOSPodProject/Pods-sandboxIOSPodProject-frameworks.sh\"\n";
			showEnvVarsInLog = 0;
		};
/* End PBXShellScriptBuildPhase section */

/* Begin PBXSourcesBuildPhase section */
		1577E6E7270E843900A2F603 /* Sources */ = {
			isa = PBXSourcesBuildPhase;
			buildActionMask = 2147483647;
			files = (
				1577E6F3270E843900A2F603 /* ViewController.swift in Sources */,
				1577E6EF270E843900A2F603 /* AppDelegate.swift in Sources */,
				1577E706270E8F6F00A2F603 /* Cat.swift in Sources */,
				1577E6F1270E843900A2F603 /* SceneDelegate.swift in Sources */,
				1577E6F9270E843900A2F603 /* sandboxIOSPodProject.xcdatamodeld in Sources */,
			);
			runOnlyForDeploymentPostprocessing = 0;
		};
/* End PBXSourcesBuildPhase section */

/* Begin PBXVariantGroup section */
		1577E6F4270E843900A2F603 /* Main.storyboard */ = {
			isa = PBXVariantGroup;
			children = (
				1577E6F5270E843900A2F603 /* Base */,
			);
			name = Main.storyboard;
			sourceTree = "<group>";
		};
		1577E6FC270E843A00A2F603 /* LaunchScreen.storyboard */ = {
			isa = PBXVariantGroup;
			children = (
				1577E6FD270E843A00A2F603 /* Base */,
			);
			name = LaunchScreen.storyboard;
			sourceTree = "<group>";
		};
/* End PBXVariantGroup section */

/* Begin XCBuildConfiguration section */
		1577E700270E843A00A2F603 /* Debug */ = {
			isa = XCBuildConfiguration;
			buildSettings = {
				ALWAYS_SEARCH_USER_PATHS = NO;
				CLANG_ANALYZER_NONNULL = YES;
				CLANG_ANALYZER_NUMBER_OBJECT_CONVERSION = YES_AGGRESSIVE;
				CLANG_CXX_LANGUAGE_STANDARD = "gnu++17";
				CLANG_CXX_LIBRARY = "libc++";
				CLANG_ENABLE_MODULES = YES;
				CLANG_ENABLE_OBJC_ARC = YES;
				CLANG_ENABLE_OBJC_WEAK = YES;
				CLANG_WARN_BLOCK_CAPTURE_AUTORELEASING = YES;
				CLANG_WARN_BOOL_CONVERSION = YES;
				CLANG_WARN_COMMA = YES;
				CLANG_WARN_CONSTANT_CONVERSION = YES;
				CLANG_WARN_DEPRECATED_OBJC_IMPLEMENTATIONS = YES;
				CLANG_WARN_DIRECT_OBJC_ISA_USAGE = YES_ERROR;
				CLANG_WARN_DOCUMENTATION_COMMENTS = YES;
				CLANG_WARN_EMPTY_BODY = YES;
				CLANG_WARN_ENUM_CONVERSION = YES;
				CLANG_WARN_INFINITE_RECURSION = YES;
				CLANG_WARN_INT_CONVERSION = YES;
				CLANG_WARN_NON_LITERAL_NULL_CONVERSION = YES;
				CLANG_WARN_OBJC_IMPLICIT_RETAIN_SELF = YES;
				CLANG_WARN_OBJC_LITERAL_CONVERSION = YES;
				CLANG_WARN_OBJC_ROOT_CLASS = YES_ERROR;
				CLANG_WARN_QUOTED_INCLUDE_IN_FRAMEWORK_HEADER = YES;
				CLANG_WARN_RANGE_LOOP_ANALYSIS = YES;
				CLANG_WARN_STRICT_PROTOTYPES = YES;
				CLANG_WARN_SUSPICIOUS_MOVE = YES;
				CLANG_WARN_UNGUARDED_AVAILABILITY = YES_AGGRESSIVE;
				CLANG_WARN_UNREACHABLE_CODE = YES;
				CLANG_WARN__DUPLICATE_METHOD_MATCH = YES;
				COPY_PHASE_STRIP = NO;
				DEBUG_INFORMATION_FORMAT = dwarf;
				ENABLE_STRICT_OBJC_MSGSEND = YES;
				ENABLE_TESTABILITY = YES;
				GCC_C_LANGUAGE_STANDARD = gnu11;
				GCC_DYNAMIC_NO_PIC = NO;
				GCC_NO_COMMON_BLOCKS = YES;
				GCC_OPTIMIZATION_LEVEL = 0;
				GCC_PREPROCESSOR_DEFINITIONS = (
					"DEBUG=1",
					"$(inherited)",
				);
				GCC_WARN_64_TO_32_BIT_CONVERSION = YES;
				GCC_WARN_ABOUT_RETURN_TYPE = YES_ERROR;
				GCC_WARN_UNDECLARED_SELECTOR = YES;
				GCC_WARN_UNINITIALIZED_AUTOS = YES_AGGRESSIVE;
				GCC_WARN_UNUSED_FUNCTION = YES;
				GCC_WARN_UNUSED_VARIABLE = YES;
				IPHONEOS_DEPLOYMENT_TARGET = 15.0;
				MTL_ENABLE_DEBUG_INFO = INCLUDE_SOURCE;
				MTL_FAST_MATH = YES;
				ONLY_ACTIVE_ARCH = YES;
				SDKROOT = iphoneos;
				SWIFT_ACTIVE_COMPILATION_CONDITIONS = DEBUG;
				SWIFT_OPTIMIZATION_LEVEL = "-Onone";
			};
			name = Debug;
		};
		1577E701270E843A00A2F603 /* Release */ = {
			isa = XCBuildConfiguration;
			buildSettings = {
				ALWAYS_SEARCH_USER_PATHS = NO;
				CLANG_ANALYZER_NONNULL = YES;
				CLANG_ANALYZER_NUMBER_OBJECT_CONVERSION = YES_AGGRESSIVE;
				CLANG_CXX_LANGUAGE_STANDARD = "gnu++17";
				CLANG_CXX_LIBRARY = "libc++";
				CLANG_ENABLE_MODULES = YES;
				CLANG_ENABLE_OBJC_ARC = YES;
				CLANG_ENABLE_OBJC_WEAK = YES;
				CLANG_WARN_BLOCK_CAPTURE_AUTORELEASING = YES;
				CLANG_WARN_BOOL_CONVERSION = YES;
				CLANG_WARN_COMMA = YES;
				CLANG_WARN_CONSTANT_CONVERSION = YES;
				CLANG_WARN_DEPRECATED_OBJC_IMPLEMENTATIONS = YES;
				CLANG_WARN_DIRECT_OBJC_ISA_USAGE = YES_ERROR;
				CLANG_WARN_DOCUMENTATION_COMMENTS = YES;
				CLANG_WARN_EMPTY_BODY = YES;
				CLANG_WARN_ENUM_CONVERSION = YES;
				CLANG_WARN_INFINITE_RECURSION = YES;
				CLANG_WARN_INT_CONVERSION = YES;
				CLANG_WARN_NON_LITERAL_NULL_CONVERSION = YES;
				CLANG_WARN_OBJC_IMPLICIT_RETAIN_SELF = YES;
				CLANG_WARN_OBJC_LITERAL_CONVERSION = YES;
				CLANG_WARN_OBJC_ROOT_CLASS = YES_ERROR;
				CLANG_WARN_QUOTED_INCLUDE_IN_FRAMEWORK_HEADER = YES;
				CLANG_WARN_RANGE_LOOP_ANALYSIS = YES;
				CLANG_WARN_STRICT_PROTOTYPES = YES;
				CLANG_WARN_SUSPICIOUS_MOVE = YES;
				CLANG_WARN_UNGUARDED_AVAILABILITY = YES_AGGRESSIVE;
				CLANG_WARN_UNREACHABLE_CODE = YES;
				CLANG_WARN__DUPLICATE_METHOD_MATCH = YES;
				COPY_PHASE_STRIP = NO;
				DEBUG_INFORMATION_FORMAT = "dwarf-with-dsym";
				ENABLE_NS_ASSERTIONS = NO;
				ENABLE_STRICT_OBJC_MSGSEND = YES;
				GCC_C_LANGUAGE_STANDARD = gnu11;
				GCC_NO_COMMON_BLOCKS = YES;
				GCC_WARN_64_TO_32_BIT_CONVERSION = YES;
				GCC_WARN_ABOUT_RETURN_TYPE = YES_ERROR;
				GCC_WARN_UNDECLARED_SELECTOR = YES;
				GCC_WARN_UNINITIALIZED_AUTOS = YES_AGGRESSIVE;
				GCC_WARN_UNUSED_FUNCTION = YES;
				GCC_WARN_UNUSED_VARIABLE = YES;
				IPHONEOS_DEPLOYMENT_TARGET = 15.0;
				MTL_ENABLE_DEBUG_INFO = NO;
				MTL_FAST_MATH = YES;
				SDKROOT = iphoneos;
				SWIFT_COMPILATION_MODE = wholemodule;
				SWIFT_OPTIMIZATION_LEVEL = "-O";
				VALIDATE_PRODUCT = YES;
			};
			name = Release;
		};
		1577E703270E843A00A2F603 /* Debug */ = {
			isa = XCBuildConfiguration;
			baseConfigurationReference = 7F92D24A2FF87E8226AE1EF1 /* Pods-sandboxIOSPodProject.debug.xcconfig */;
			buildSettings = {
				ASSETCATALOG_COMPILER_APPICON_NAME = AppIcon;
				ASSETCATALOG_COMPILER_GLOBAL_ACCENT_COLOR_NAME = AccentColor;
				CODE_SIGN_STYLE = Automatic;
				CURRENT_PROJECT_VERSION = 1;
				DEVELOPMENT_TEAM = 26668HS2H3;
				GENERATE_INFOPLIST_FILE = YES;
				INFOPLIST_FILE = sandboxIOSPodProject/Info.plist;
				INFOPLIST_KEY_UIApplicationSupportsIndirectInputEvents = YES;
				INFOPLIST_KEY_UILaunchStoryboardName = LaunchScreen;
				INFOPLIST_KEY_UIMainStoryboardFile = Main;
				INFOPLIST_KEY_UISupportedInterfaceOrientations_iPad = "UIInterfaceOrientationPortrait UIInterfaceOrientationPortraitUpsideDown UIInterfaceOrientationLandscapeLeft UIInterfaceOrientationLandscapeRight";
				INFOPLIST_KEY_UISupportedInterfaceOrientations_iPhone = "UIInterfaceOrientationPortrait UIInterfaceOrientationLandscapeLeft UIInterfaceOrientationLandscapeRight";
				LD_RUNPATH_SEARCH_PATHS = (
					"$(inherited)",
					"@executable_path/Frameworks",
				);
				MARKETING_VERSION = 1.0;
				PRODUCT_BUNDLE_IDENTIFIER = com.SandBoxiOSCareerProject.sandboxIOSPodProject;
				PRODUCT_NAME = "$(TARGET_NAME)";
				SWIFT_EMIT_LOC_STRINGS = YES;
				SWIFT_VERSION = 5.0;
				TARGETED_DEVICE_FAMILY = "1,2";
			};
			name = Debug;
		};
		1577E704270E843A00A2F603 /* Release */ = {
			isa = XCBuildConfiguration;
			baseConfigurationReference = A69AD1CDEE4AD87C7EC5A6B6 /* Pods-sandboxIOSPodProject.release.xcconfig */;
			buildSettings = {
				ASSETCATALOG_COMPILER_APPICON_NAME = AppIcon;
				ASSETCATALOG_COMPILER_GLOBAL_ACCENT_COLOR_NAME = AccentColor;
				CODE_SIGN_STYLE = Automatic;
				CURRENT_PROJECT_VERSION = 1;
				DEVELOPMENT_TEAM = 26668HS2H3;
				GENERATE_INFOPLIST_FILE = YES;
				INFOPLIST_FILE = sandboxIOSPodProject/Info.plist;
				INFOPLIST_KEY_UIApplicationSupportsIndirectInputEvents = YES;
				INFOPLIST_KEY_UILaunchStoryboardName = LaunchScreen;
				INFOPLIST_KEY_UIMainStoryboardFile = Main;
				INFOPLIST_KEY_UISupportedInterfaceOrientations_iPad = "UIInterfaceOrientationPortrait UIInterfaceOrientationPortraitUpsideDown UIInterfaceOrientationLandscapeLeft UIInterfaceOrientationLandscapeRight";
				INFOPLIST_KEY_UISupportedInterfaceOrientations_iPhone = "UIInterfaceOrientationPortrait UIInterfaceOrientationLandscapeLeft UIInterfaceOrientationLandscapeRight";
				LD_RUNPATH_SEARCH_PATHS = (
					"$(inherited)",
					"@executable_path/Frameworks",
				);
				MARKETING_VERSION = 1.0;
				PRODUCT_BUNDLE_IDENTIFIER = com.SandBoxiOSCareerProject.sandboxIOSPodProject;
				PRODUCT_NAME = "$(TARGET_NAME)";
				SWIFT_EMIT_LOC_STRINGS = YES;
				SWIFT_VERSION = 5.0;
				TARGETED_DEVICE_FAMILY = "1,2";
			};
			name = Release;
		};
/* End XCBuildConfiguration section */

/* Begin XCConfigurationList section */
		1577E6E6270E843900A2F603 /* Build configuration list for PBXProject "sandboxIOSPodProject" */ = {
			isa = XCConfigurationList;
			buildConfigurations = (
				1577E700270E843A00A2F603 /* Debug */,
				1577E701270E843A00A2F603 /* Release */,
			);
			defaultConfigurationIsVisible = 0;
			defaultConfigurationName = Release;
		};
		1577E702270E843A00A2F603 /* Build configuration list for PBXNativeTarget "sandboxIOSPodProject" */ = {
			isa = XCConfigurationList;
			buildConfigurations = (
				1577E703270E843A00A2F603 /* Debug */,
				1577E704270E843A00A2F603 /* Release */,
			);
			defaultConfigurationIsVisible = 0;
			defaultConfigurationName = Release;
		};
/* End XCConfigurationList section */

/* Begin XCVersionGroup section */
		1577E6F7270E843900A2F603 /* sandboxIOSPodProject.xcdatamodeld */ = {
			isa = XCVersionGroup;
			children = (
				1577E6F8270E843900A2F603 /* sandboxIOSPodProject.xcdatamodel */,
			);
			currentVersion = 1577E6F8270E843900A2F603 /* sandboxIOSPodProject.xcdatamodel */;
			path = sandboxIOSPodProject.xcdatamodeld;
			sourceTree = "<group>";
			versionGroupType = wrapper.xcdatamodel;
		};
/* End XCVersionGroup section */
	};
	rootObject = 1577E6E3270E843900A2F603 /* Project object */;
}
